{
    "_readme": [
        "This file locks the dependencies of your project to a known state",
        "Read more about it at https://getcomposer.org/doc/01-basic-usage.md#installing-dependencies",
        "This file is @generated automatically"
    ],
    "content-hash": "c7ae9fa1551763d7ed28805b548909fa",
    "packages": [
        {
            "name": "urlund/wp-plugin-updater",
            "version": "dev-main",
            "source": {
                "type": "git",
                "url": "https://github.com/urlund/wp-plugin-updater.git",
                "reference": "d81b8593e70378226b2cc4d701c8097087c99a5a"
            },
            "dist": {
                "type": "zip",
                "url": "https://api.github.com/repos/urlund/wp-plugin-updater/zipball/d81b8593e70378226b2cc4d701c8097087c99a5a",
                "reference": "d81b8593e70378226b2cc4d701c8097087c99a5a",
                "shasum": ""
            },
            "require": {
                "php": ">=7.4"
            },
            "default-branch": true,
            "bin": [
                "bin/plugin-json",
                "bin/plugin-zip",
                "bin/plugin-publish",
                "bin/plugin-version"
            ],
            "type": "library",
            "autoload": {
                "psr-4": {
                    "Urlund\\WordPress\\PluginUpdater\\": "src/"
                }
            },
            "scripts": {
                "plugin-json": [
                    "bin/plugin-json"
                ],
                "plugin-zip": [
                    "bin/plugin-zip"
                ],
                "plugin-publish": [
                    "bin/plugin-publish"
                ],
                "plugin-version": [
                    "bin/plugin-version"
                ]
            },
            "license": [
                "GPLv2"
            ],
            "authors": [
                {
                    "name": "Henrik Urlund"
                }
            ],
            "description": "WordPress plugin updater with GitHub integration and CLI tools",
            "support": {
                "source": "https://github.com/urlund/wp-plugin-updater/tree/main",
                "issues": "https://github.com/urlund/wp-plugin-updater/issues"
            },
            "time": "2025-10-09T08:00:48+00:00"
        }
    ],
    "packages-dev": [],
    "aliases": [],
    "minimum-stability": "stable",
    "stability-flags": {
        "urlund/wp-plugin-updater": 20
    },
    "prefer-stable": false,
    "prefer-lowest": false,
    "platform": {
        "php": ">=7.4"
    },
    "platform-dev": {},
    "platform-overrides": {
        "php": "7.4"
    },
    "plugin-api-version": "2.6.0"
}
